
Microsoft Visual Studio Solution File, Format Version 12.00
# Visual Studio Version 16
VisualStudioVersion = 16.0.30621.155
MinimumVisualStudioVersion = 10.0.40219.1
Project("{FAE04EC0-301F-11D3-BF4B-00C04F79EFBC}") = "SeamothBrineResist", "SeamothBrineResist\SeamothBrineResist.csproj", "{91DA81BF-73F9-42D0-B002-A3E63510D6B1}"
EndProject
Project("{FAE04EC0-301F-11D3-BF4B-00C04F79EFBC}") = "CoffeeSoundFix", "CoffeeSoundFix\CoffeeSoundFix.csproj", "{CBB705B5-F270-4684-8AC7-A7AD5A63D784}"
EndProject
Project("{FAE04EC0-301F-11D3-BF4B-00C04F79EFBC}") = "NuclearBatteries", "NuclearBatteries\NuclearBatteries.csproj", "{9081AB09-EFD6-45BE-8FA9-F6390F247FDE}"
EndProject
Project("{FAE04EC0-301F-11D3-BF4B-00C04F79EFBC}") = "EnzymeChargedBatteries", "EnzymeChargedBatteries\EnzymeChargedBatteries.csproj", "{986F2800-C713-4F3A-A226-239F2A389A4F}"
EndProject
Project("{FAE04EC0-301F-11D3-BF4B-00C04F79EFBC}") = "Common", "Common\Common.csproj", "{D96A3281-1EC6-4D39-B766-7C1A6C6885D7}"
EndProject
Project("{FAE04EC0-301F-11D3-BF4B-00C04F79EFBC}") = "RockGrubPickupable", "RockGrubPickupable\RockGrubPickupable.csproj", "{1552F375-6D61-4C0D-AB29-64781192D583}"
EndProject
Project("{FAE04EC0-301F-11D3-BF4B-00C04F79EFBC}") = "PlayerAcidFix", "PlayerAcidFix\PlayerAcidFix.csproj", "{99130C3B-A7A6-4FAA-AF4E-D4566ACC7C76}"
EndProject
Global
	GlobalSection(SolutionConfigurationPlatforms) = preSolution
		Debug|Any CPU = Debug|Any CPU
		Release|Any CPU = Release|Any CPU
	EndGlobalSection
	GlobalSection(ProjectConfigurationPlatforms) = postSolution
		{91DA81BF-73F9-42D0-B002-A3E63510D6B1}.Debug|Any CPU.ActiveCfg = Debug|Any CPU
		{91DA81BF-73F9-42D0-B002-A3E63510D6B1}.Debug|Any CPU.Build.0 = Debug|Any CPU
		{91DA81BF-73F9-42D0-B002-A3E63510D6B1}.Release|Any CPU.ActiveCfg = Release|Any CPU
		{91DA81BF-73F9-42D0-B002-A3E63510D6B1}.Release|Any CPU.Build.0 = Release|Any CPU
		{CBB705B5-F270-4684-8AC7-A7AD5A63D784}.Debug|Any CPU.ActiveCfg = Debug|Any CPU
		{CBB705B5-F270-4684-8AC7-A7AD5A63D784}.Debug|Any CPU.Build.0 = Debug|Any CPU
		{CBB705B5-F270-4684-8AC7-A7AD5A63D784}.Release|Any CPU.ActiveCfg = Release|Any CPU
		{CBB705B5-F270-4684-8AC7-A7AD5A63D784}.Release|Any CPU.Build.0 = Release|Any CPU
		{9081AB09-EFD6-45BE-8FA9-F6390F247FDE}.Debug|Any CPU.ActiveCfg = Debug|Any CPU
		{9081AB09-EFD6-45BE-8FA9-F6390F247FDE}.Debug|Any CPU.Build.0 = Debug|Any CPU
		{9081AB09-EFD6-45BE-8FA9-F6390F247FDE}.Release|Any CPU.ActiveCfg = Release|Any CPU
		{9081AB09-EFD6-45BE-8FA9-F6390F247FDE}.Release|Any CPU.Build.0 = Release|Any CPU
		{986F2800-C713-4F3A-A226-239F2A389A4F}.Debug|Any CPU.ActiveCfg = Debug|Any CPU
		{986F2800-C713-4F3A-A226-239F2A389A4F}.Debug|Any CPU.Build.0 = Debug|Any CPU
		{986F2800-C713-4F3A-A226-239F2A389A4F}.Release|Any CPU.ActiveCfg = Release|Any CPU
		{986F2800-C713-4F3A-A226-239F2A389A4F}.Release|Any CPU.Build.0 = Release|Any CPU
		{D96A3281-1EC6-4D39-B766-7C1A6C6885D7}.Debug|Any CPU.ActiveCfg = Debug|Any CPU
		{D96A3281-1EC6-4D39-B766-7C1A6C6885D7}.Debug|Any CPU.Build.0 = Debug|Any CPU
		{D96A3281-1EC6-4D39-B766-7C1A6C6885D7}.Release|Any CPU.ActiveCfg = Release|Any CPU
		{D96A3281-1EC6-4D39-B766-7C1A6C6885D7}.Release|Any CPU.Build.0 = Release|Any CPU
		{1552F375-6D61-4C0D-AB29-64781192D583}.Debug|Any CPU.ActiveCfg = Debug|Any CPU
		{1552F375-6D61-4C0D-AB29-64781192D583}.Debug|Any CPU.Build.0 = Debug|Any CPU
		{1552F375-6D61-4C0D-AB29-64781192D583}.Release|Any CPU.ActiveCfg = Release|Any CPU
		{1552F375-6D61-4C0D-AB29-64781192D583}.Release|Any CPU.Build.0 = Release|Any CPU
		{99130C3B-A7A6-4FAA-AF4E-D4566ACC7C76}.Debug|Any CPU.ActiveCfg = Debug|Any CPU
		{99130C3B-A7A6-4FAA-AF4E-D4566ACC7C76}.Debug|Any CPU.Build.0 = Debug|Any CPU
		{99130C3B-A7A6-4FAA-AF4E-D4566ACC7C76}.Release|Any CPU.ActiveCfg = Release|Any CPU
		{99130C3B-A7A6-4FAA-AF4E-D4566ACC7C76}.Release|Any CPU.Build.0 = Release|Any CPU
	EndGlobalSection
	GlobalSection(SolutionProperties) = preSolution
		HideSolutionNode = FALSE
	EndGlobalSection
	GlobalSection(ExtensibilityGlobals) = postSolution
		SolutionGuid = {2B5D8B10-FFC0-4CFF-9956-DDE5D407FD5D}
	EndGlobalSection
EndGlobal
