
Microsoft Visual Studio Solution File, Format Version 12.00
# Visual Studio Version 16
VisualStudioVersion = 16.0.30621.155
MinimumVisualStudioVersion = 10.0.40219.1
Project("{FAE04EC0-301F-11D3-BF4B-00C04F79EFBC}") = "SeamothBrineResist", "SeamothBrineResist\SeamothBrineResist.csproj", "{91DA81BF-73F9-42D0-B002-A3E63510D6B1}"
EndProject
Project("{FAE04EC0-301F-11D3-BF4B-00C04F79EFBC}") = "CoffeeSoundFix", "CoffeeSoundFix\CoffeeSoundFix.csproj", "{CBB705B5-F270-4684-8AC7-A7AD5A63D784}"
EndProject
Project("{FAE04EC0-301F-11D3-BF4B-00C04F79EFBC}") = "NuclearBatteries", "NuclearBatteries\NuclearBatteries.csproj", "{9081AB09-EFD6-45BE-8FA9-F6390F247FDE}"
EndProject
Project("{FAE04EC0-301F-11D3-BF4B-00C04F79EFBC}") = "EnzymeChargedBatteries", "EnzymeChargedBatteries\EnzymeChargedBatteries.csproj", "{986F2800-C713-4F3A-A226-239F2A389A4F}"
EndProject
Project("{FAE04EC0-301F-11D3-BF4B-00C04F79EFBC}") = "PlayerAcidFix", "PlayerAcidFix\PlayerAcidFix.csproj", "{99130C3B-A7A6-4FAA-AF4E-D4566ACC7C76}"
EndProject
Project("{FAE04EC0-301F-11D3-BF4B-00C04F79EFBC}") = "RockGrubPickupable", "RockGrubPickupable\RockGrubPickupable.csproj", "{5CB97328-2218-4AE9-B8E3-CD3D9EB2D8FB}"
EndProject
Project("{FAE04EC0-301F-11D3-BF4B-00C04F79EFBC}") = "AbyssBatteries", "AbyssBatteries\AbyssBatteries.csproj", "{6869AF5B-2938-4165-90A5-CF47BCB8625F}"
EndProject
Project("{FAE04EC0-301F-11D3-BF4B-00C04F79EFBC}") = "PassiveSeaDragon", "PassiveSeaDragon\PassiveSeaDragon.csproj", "{617B1C88-3C4B-44AC-A265-8293F5DEB031}"
EndProject
Project("{FAE04EC0-301F-11D3-BF4B-00C04F79EFBC}") = "CustomDataboxes", "CustomDataboxes\CustomDataboxes.csproj", "{8B844156-8A4E-43DE-BEFF-2C1CF3F40462}"
EndProject
Project("{FAE04EC0-301F-11D3-BF4B-00C04F79EFBC}") = "ScannableSeaDragon", "ScannableSeaDragon\ScannableSeaDragon.csproj", "{A23E9479-9A6B-4192-A975-67A6E65A8748}"
EndProject
Project("{FAE04EC0-301F-11D3-BF4B-00C04F79EFBC}") = "ScannableGhostLeviathan", "ScannableGhostLeviathan\ScannableGhostLeviathan.csproj", "{9F1CDB3B-653F-491F-9CF2-45A3F46CB405}"
EndProject
Project("{2150E333-8FDC-42A3-9474-1A3956D46DE8}") = "Solution Items", "Solution Items", "{8B93F75F-B4C6-4147-A6E4-DE17A91BB742}"
	ProjectSection(SolutionItems) = preProject
		GameDir.targets = GameDir.targets
	EndProjectSection
EndProject
Project("{FAE04EC0-301F-11D3-BF4B-00C04F79EFBC}") = "QuitToDesktopBZ", "QuitToDesktopBZ\QuitToDesktopBZ.csproj", "{4ABDD0F9-409D-4002-BBB3-64F0EB3D308D}"
EndProject
Project("{FAE04EC0-301F-11D3-BF4B-00C04F79EFBC}") = "ColorizableSpotlight", "ColorizableSpotlight\ColorizableSpotlight.csproj", "{869F874F-BBC8-4395-87FB-10AB7A715538}"
EndProject
Project("{FAE04EC0-301F-11D3-BF4B-00C04F79EFBC}") = "MidGameBatteries", "MidGameBatteries\MidGameBatteries.csproj", "{5AC7F7D7-498F-437F-B2DF-7A5A22B51E91}"
EndProject
Project("{D954291E-2A0B-460D-934E-DC6B0785DB48}") = "Common", "Common\Common.shproj", "{FBCF11A8-BC4F-4CB5-9D49-4B2B7446C9EF}"
EndProject
Project("{FAE04EC0-301F-11D3-BF4B-00C04F79EFBC}") = "ExosuitSolarChargerBZ", "ExosuitSolarChargerBZ\ExosuitSolarChargerBZ.csproj", "{511E2F48-0636-467D-91E9-F49CC25457FD}"
EndProject
Project("{FAE04EC0-301F-11D3-BF4B-00C04F79EFBC}") = "BioChemicalBatteries2", "BioChemicalBatteries2\BioChemicalBatteries2.csproj", "{9BFE91EE-2252-4D79-BCA5-4C8516053B45}"
EndProject
Project("{FAE04EC0-301F-11D3-BF4B-00C04F79EFBC}") = "DrillableSulphur", "DrillableSulphur\DrillableSulphur.csproj", "{1A7ACF94-5BDF-471E-8FE5-7D24826E44E3}"
EndProject
Project("{FAE04EC0-301F-11D3-BF4B-00C04F79EFBC}") = "SpadefishHitFix", "SpadefishHitFix\SpadefishHitFix.csproj", "{75BF454F-9DAD-4C2F-98C8-32B7B607B0E0}"
EndProject
Global
	GlobalSection(SharedMSBuildProjectFiles) = preSolution
		Common\Common.projitems*{fbcf11a8-bc4f-4cb5-9d49-4b2b7446c9ef}*SharedItemsImports = 13
	EndGlobalSection
	GlobalSection(SolutionConfigurationPlatforms) = preSolution
		BZ|Any CPU = BZ|Any CPU
		Debug|Any CPU = Debug|Any CPU
		Release|Any CPU = Release|Any CPU
		SN1|Any CPU = SN1|Any CPU
	EndGlobalSection
	GlobalSection(ProjectConfigurationPlatforms) = postSolution
		{91DA81BF-73F9-42D0-B002-A3E63510D6B1}.BZ|Any CPU.ActiveCfg = Release|Any CPU
		{91DA81BF-73F9-42D0-B002-A3E63510D6B1}.BZ|Any CPU.Build.0 = Release|Any CPU
		{91DA81BF-73F9-42D0-B002-A3E63510D6B1}.Debug|Any CPU.ActiveCfg = Debug|Any CPU
		{91DA81BF-73F9-42D0-B002-A3E63510D6B1}.Debug|Any CPU.Build.0 = Debug|Any CPU
		{91DA81BF-73F9-42D0-B002-A3E63510D6B1}.Release|Any CPU.ActiveCfg = Release|Any CPU
		{91DA81BF-73F9-42D0-B002-A3E63510D6B1}.Release|Any CPU.Build.0 = Release|Any CPU
		{91DA81BF-73F9-42D0-B002-A3E63510D6B1}.SN1|Any CPU.ActiveCfg = Release|Any CPU
		{91DA81BF-73F9-42D0-B002-A3E63510D6B1}.SN1|Any CPU.Build.0 = Release|Any CPU
		{CBB705B5-F270-4684-8AC7-A7AD5A63D784}.BZ|Any CPU.ActiveCfg = Release|Any CPU
		{CBB705B5-F270-4684-8AC7-A7AD5A63D784}.BZ|Any CPU.Build.0 = Release|Any CPU
		{CBB705B5-F270-4684-8AC7-A7AD5A63D784}.Debug|Any CPU.ActiveCfg = Debug|Any CPU
		{CBB705B5-F270-4684-8AC7-A7AD5A63D784}.Debug|Any CPU.Build.0 = Debug|Any CPU
		{CBB705B5-F270-4684-8AC7-A7AD5A63D784}.Release|Any CPU.ActiveCfg = Release|Any CPU
		{CBB705B5-F270-4684-8AC7-A7AD5A63D784}.Release|Any CPU.Build.0 = Release|Any CPU
		{CBB705B5-F270-4684-8AC7-A7AD5A63D784}.SN1|Any CPU.ActiveCfg = Release|Any CPU
		{CBB705B5-F270-4684-8AC7-A7AD5A63D784}.SN1|Any CPU.Build.0 = Release|Any CPU
		{9081AB09-EFD6-45BE-8FA9-F6390F247FDE}.BZ|Any CPU.ActiveCfg = Release|Any CPU
		{9081AB09-EFD6-45BE-8FA9-F6390F247FDE}.BZ|Any CPU.Build.0 = Release|Any CPU
		{9081AB09-EFD6-45BE-8FA9-F6390F247FDE}.Debug|Any CPU.ActiveCfg = Debug|Any CPU
		{9081AB09-EFD6-45BE-8FA9-F6390F247FDE}.Debug|Any CPU.Build.0 = Debug|Any CPU
		{9081AB09-EFD6-45BE-8FA9-F6390F247FDE}.Release|Any CPU.ActiveCfg = Release|Any CPU
		{9081AB09-EFD6-45BE-8FA9-F6390F247FDE}.Release|Any CPU.Build.0 = Release|Any CPU
		{9081AB09-EFD6-45BE-8FA9-F6390F247FDE}.SN1|Any CPU.ActiveCfg = Release|Any CPU
		{9081AB09-EFD6-45BE-8FA9-F6390F247FDE}.SN1|Any CPU.Build.0 = Release|Any CPU
		{986F2800-C713-4F3A-A226-239F2A389A4F}.BZ|Any CPU.ActiveCfg = Release|Any CPU
		{986F2800-C713-4F3A-A226-239F2A389A4F}.BZ|Any CPU.Build.0 = Release|Any CPU
		{986F2800-C713-4F3A-A226-239F2A389A4F}.Debug|Any CPU.ActiveCfg = Debug|Any CPU
		{986F2800-C713-4F3A-A226-239F2A389A4F}.Debug|Any CPU.Build.0 = Debug|Any CPU
		{986F2800-C713-4F3A-A226-239F2A389A4F}.Release|Any CPU.ActiveCfg = Release|Any CPU
		{986F2800-C713-4F3A-A226-239F2A389A4F}.Release|Any CPU.Build.0 = Release|Any CPU
		{986F2800-C713-4F3A-A226-239F2A389A4F}.SN1|Any CPU.ActiveCfg = Release|Any CPU
		{986F2800-C713-4F3A-A226-239F2A389A4F}.SN1|Any CPU.Build.0 = Release|Any CPU
		{99130C3B-A7A6-4FAA-AF4E-D4566ACC7C76}.BZ|Any CPU.ActiveCfg = Release|Any CPU
		{99130C3B-A7A6-4FAA-AF4E-D4566ACC7C76}.BZ|Any CPU.Build.0 = Release|Any CPU
		{99130C3B-A7A6-4FAA-AF4E-D4566ACC7C76}.Debug|Any CPU.ActiveCfg = Debug|Any CPU
		{99130C3B-A7A6-4FAA-AF4E-D4566ACC7C76}.Debug|Any CPU.Build.0 = Debug|Any CPU
		{99130C3B-A7A6-4FAA-AF4E-D4566ACC7C76}.Release|Any CPU.ActiveCfg = Release|Any CPU
		{99130C3B-A7A6-4FAA-AF4E-D4566ACC7C76}.Release|Any CPU.Build.0 = Release|Any CPU
		{99130C3B-A7A6-4FAA-AF4E-D4566ACC7C76}.SN1|Any CPU.ActiveCfg = Release|Any CPU
		{99130C3B-A7A6-4FAA-AF4E-D4566ACC7C76}.SN1|Any CPU.Build.0 = Release|Any CPU
		{5CB97328-2218-4AE9-B8E3-CD3D9EB2D8FB}.BZ|Any CPU.ActiveCfg = Release|Any CPU
		{5CB97328-2218-4AE9-B8E3-CD3D9EB2D8FB}.BZ|Any CPU.Build.0 = Release|Any CPU
		{5CB97328-2218-4AE9-B8E3-CD3D9EB2D8FB}.Debug|Any CPU.ActiveCfg = Debug|Any CPU
		{5CB97328-2218-4AE9-B8E3-CD3D9EB2D8FB}.Debug|Any CPU.Build.0 = Debug|Any CPU
		{5CB97328-2218-4AE9-B8E3-CD3D9EB2D8FB}.Release|Any CPU.ActiveCfg = Release|Any CPU
		{5CB97328-2218-4AE9-B8E3-CD3D9EB2D8FB}.Release|Any CPU.Build.0 = Release|Any CPU
		{5CB97328-2218-4AE9-B8E3-CD3D9EB2D8FB}.SN1|Any CPU.ActiveCfg = Release|Any CPU
		{5CB97328-2218-4AE9-B8E3-CD3D9EB2D8FB}.SN1|Any CPU.Build.0 = Release|Any CPU
		{6869AF5B-2938-4165-90A5-CF47BCB8625F}.BZ|Any CPU.ActiveCfg = Release|Any CPU
		{6869AF5B-2938-4165-90A5-CF47BCB8625F}.BZ|Any CPU.Build.0 = Release|Any CPU
		{6869AF5B-2938-4165-90A5-CF47BCB8625F}.Debug|Any CPU.ActiveCfg = Debug|Any CPU
		{6869AF5B-2938-4165-90A5-CF47BCB8625F}.Debug|Any CPU.Build.0 = Debug|Any CPU
		{6869AF5B-2938-4165-90A5-CF47BCB8625F}.Release|Any CPU.ActiveCfg = Release|Any CPU
		{6869AF5B-2938-4165-90A5-CF47BCB8625F}.Release|Any CPU.Build.0 = Release|Any CPU
		{6869AF5B-2938-4165-90A5-CF47BCB8625F}.SN1|Any CPU.ActiveCfg = Release|Any CPU
		{6869AF5B-2938-4165-90A5-CF47BCB8625F}.SN1|Any CPU.Build.0 = Release|Any CPU
		{617B1C88-3C4B-44AC-A265-8293F5DEB031}.BZ|Any CPU.ActiveCfg = Release|Any CPU
		{617B1C88-3C4B-44AC-A265-8293F5DEB031}.BZ|Any CPU.Build.0 = Release|Any CPU
		{617B1C88-3C4B-44AC-A265-8293F5DEB031}.Debug|Any CPU.ActiveCfg = Debug|Any CPU
		{617B1C88-3C4B-44AC-A265-8293F5DEB031}.Debug|Any CPU.Build.0 = Debug|Any CPU
		{617B1C88-3C4B-44AC-A265-8293F5DEB031}.Release|Any CPU.ActiveCfg = Release|Any CPU
		{617B1C88-3C4B-44AC-A265-8293F5DEB031}.Release|Any CPU.Build.0 = Release|Any CPU
		{617B1C88-3C4B-44AC-A265-8293F5DEB031}.SN1|Any CPU.ActiveCfg = Release|Any CPU
		{617B1C88-3C4B-44AC-A265-8293F5DEB031}.SN1|Any CPU.Build.0 = Release|Any CPU
		{8B844156-8A4E-43DE-BEFF-2C1CF3F40462}.BZ|Any CPU.ActiveCfg = BZ|Any CPU
		{8B844156-8A4E-43DE-BEFF-2C1CF3F40462}.BZ|Any CPU.Build.0 = BZ|Any CPU
		{8B844156-8A4E-43DE-BEFF-2C1CF3F40462}.Debug|Any CPU.ActiveCfg = SN1|Any CPU
		{8B844156-8A4E-43DE-BEFF-2C1CF3F40462}.Debug|Any CPU.Build.0 = SN1|Any CPU
		{8B844156-8A4E-43DE-BEFF-2C1CF3F40462}.Release|Any CPU.ActiveCfg = Release|Any CPU
		{8B844156-8A4E-43DE-BEFF-2C1CF3F40462}.Release|Any CPU.Build.0 = Release|Any CPU
		{8B844156-8A4E-43DE-BEFF-2C1CF3F40462}.SN1|Any CPU.ActiveCfg = SN1|Any CPU
		{8B844156-8A4E-43DE-BEFF-2C1CF3F40462}.SN1|Any CPU.Build.0 = SN1|Any CPU
		{A23E9479-9A6B-4192-A975-67A6E65A8748}.BZ|Any CPU.ActiveCfg = Release|Any CPU
		{A23E9479-9A6B-4192-A975-67A6E65A8748}.BZ|Any CPU.Build.0 = Release|Any CPU
		{A23E9479-9A6B-4192-A975-67A6E65A8748}.Debug|Any CPU.ActiveCfg = Debug|Any CPU
		{A23E9479-9A6B-4192-A975-67A6E65A8748}.Debug|Any CPU.Build.0 = Debug|Any CPU
		{A23E9479-9A6B-4192-A975-67A6E65A8748}.Release|Any CPU.ActiveCfg = Release|Any CPU
		{A23E9479-9A6B-4192-A975-67A6E65A8748}.Release|Any CPU.Build.0 = Release|Any CPU
		{A23E9479-9A6B-4192-A975-67A6E65A8748}.SN1|Any CPU.ActiveCfg = Release|Any CPU
		{A23E9479-9A6B-4192-A975-67A6E65A8748}.SN1|Any CPU.Build.0 = Release|Any CPU
		{9F1CDB3B-653F-491F-9CF2-45A3F46CB405}.BZ|Any CPU.ActiveCfg = Release|Any CPU
		{9F1CDB3B-653F-491F-9CF2-45A3F46CB405}.BZ|Any CPU.Build.0 = Release|Any CPU
		{9F1CDB3B-653F-491F-9CF2-45A3F46CB405}.Debug|Any CPU.ActiveCfg = Debug|Any CPU
		{9F1CDB3B-653F-491F-9CF2-45A3F46CB405}.Debug|Any CPU.Build.0 = Debug|Any CPU
		{9F1CDB3B-653F-491F-9CF2-45A3F46CB405}.Release|Any CPU.ActiveCfg = Release|Any CPU
		{9F1CDB3B-653F-491F-9CF2-45A3F46CB405}.Release|Any CPU.Build.0 = Release|Any CPU
		{9F1CDB3B-653F-491F-9CF2-45A3F46CB405}.SN1|Any CPU.ActiveCfg = Release|Any CPU
		{9F1CDB3B-653F-491F-9CF2-45A3F46CB405}.SN1|Any CPU.Build.0 = Release|Any CPU
		{4ABDD0F9-409D-4002-BBB3-64F0EB3D308D}.BZ|Any CPU.ActiveCfg = BZ|Any CPU
		{4ABDD0F9-409D-4002-BBB3-64F0EB3D308D}.BZ|Any CPU.Build.0 = BZ|Any CPU
		{4ABDD0F9-409D-4002-BBB3-64F0EB3D308D}.Debug|Any CPU.ActiveCfg = BZ|Any CPU
		{4ABDD0F9-409D-4002-BBB3-64F0EB3D308D}.Debug|Any CPU.Build.0 = BZ|Any CPU
		{4ABDD0F9-409D-4002-BBB3-64F0EB3D308D}.Release|Any CPU.ActiveCfg = BZ|Any CPU
		{4ABDD0F9-409D-4002-BBB3-64F0EB3D308D}.Release|Any CPU.Build.0 = BZ|Any CPU
		{4ABDD0F9-409D-4002-BBB3-64F0EB3D308D}.SN1|Any CPU.ActiveCfg = SN1|Any CPU
		{4ABDD0F9-409D-4002-BBB3-64F0EB3D308D}.SN1|Any CPU.Build.0 = SN1|Any CPU
		{869F874F-BBC8-4395-87FB-10AB7A715538}.BZ|Any CPU.ActiveCfg = SN1|Any CPU
		{869F874F-BBC8-4395-87FB-10AB7A715538}.BZ|Any CPU.Build.0 = SN1|Any CPU
		{869F874F-BBC8-4395-87FB-10AB7A715538}.Debug|Any CPU.ActiveCfg = BZ|Any CPU
		{869F874F-BBC8-4395-87FB-10AB7A715538}.Debug|Any CPU.Build.0 = BZ|Any CPU
		{869F874F-BBC8-4395-87FB-10AB7A715538}.Release|Any CPU.ActiveCfg = BZ|Any CPU
		{869F874F-BBC8-4395-87FB-10AB7A715538}.Release|Any CPU.Build.0 = BZ|Any CPU
		{869F874F-BBC8-4395-87FB-10AB7A715538}.SN1|Any CPU.ActiveCfg = SN1|Any CPU
		{869F874F-BBC8-4395-87FB-10AB7A715538}.SN1|Any CPU.Build.0 = SN1|Any CPU
		{5AC7F7D7-498F-437F-B2DF-7A5A22B51E91}.BZ|Any CPU.ActiveCfg = SN1|Any CPU
		{5AC7F7D7-498F-437F-B2DF-7A5A22B51E91}.BZ|Any CPU.Build.0 = SN1|Any CPU
		{5AC7F7D7-498F-437F-B2DF-7A5A22B51E91}.Debug|Any CPU.ActiveCfg = BZ|Any CPU
		{5AC7F7D7-498F-437F-B2DF-7A5A22B51E91}.Debug|Any CPU.Build.0 = BZ|Any CPU
		{5AC7F7D7-498F-437F-B2DF-7A5A22B51E91}.Release|Any CPU.ActiveCfg = BZ|Any CPU
		{5AC7F7D7-498F-437F-B2DF-7A5A22B51E91}.Release|Any CPU.Build.0 = BZ|Any CPU
		{5AC7F7D7-498F-437F-B2DF-7A5A22B51E91}.SN1|Any CPU.ActiveCfg = SN1|Any CPU
		{5AC7F7D7-498F-437F-B2DF-7A5A22B51E91}.SN1|Any CPU.Build.0 = SN1|Any CPU
		{511E2F48-0636-467D-91E9-F49CC25457FD}.BZ|Any CPU.ActiveCfg = BZ|Any CPU
		{511E2F48-0636-467D-91E9-F49CC25457FD}.BZ|Any CPU.Build.0 = BZ|Any CPU
		{511E2F48-0636-467D-91E9-F49CC25457FD}.Debug|Any CPU.ActiveCfg = BZ|Any CPU
		{511E2F48-0636-467D-91E9-F49CC25457FD}.Debug|Any CPU.Build.0 = BZ|Any CPU
		{511E2F48-0636-467D-91E9-F49CC25457FD}.Release|Any CPU.ActiveCfg = BZ|Any CPU
		{511E2F48-0636-467D-91E9-F49CC25457FD}.Release|Any CPU.Build.0 = BZ|Any CPU
		{511E2F48-0636-467D-91E9-F49CC25457FD}.SN1|Any CPU.ActiveCfg = BZ|Any CPU
		{511E2F48-0636-467D-91E9-F49CC25457FD}.SN1|Any CPU.Build.0 = BZ|Any CPU
		{9BFE91EE-2252-4D79-BCA5-4C8516053B45}.BZ|Any CPU.ActiveCfg = SN1|Any CPU
		{9BFE91EE-2252-4D79-BCA5-4C8516053B45}.BZ|Any CPU.Build.0 = SN1|Any CPU
		{9BFE91EE-2252-4D79-BCA5-4C8516053B45}.Debug|Any CPU.ActiveCfg = BZ|Any CPU
		{9BFE91EE-2252-4D79-BCA5-4C8516053B45}.Debug|Any CPU.Build.0 = BZ|Any CPU
		{9BFE91EE-2252-4D79-BCA5-4C8516053B45}.Release|Any CPU.ActiveCfg = BZ|Any CPU
		{9BFE91EE-2252-4D79-BCA5-4C8516053B45}.Release|Any CPU.Build.0 = BZ|Any CPU
		{9BFE91EE-2252-4D79-BCA5-4C8516053B45}.SN1|Any CPU.ActiveCfg = SN1|Any CPU
		{9BFE91EE-2252-4D79-BCA5-4C8516053B45}.SN1|Any CPU.Build.0 = SN1|Any CPU
		{1A7ACF94-5BDF-471E-8FE5-7D24826E44E3}.BZ|Any CPU.ActiveCfg = SN1|Any CPU
		{1A7ACF94-5BDF-471E-8FE5-7D24826E44E3}.BZ|Any CPU.Build.0 = SN1|Any CPU
		{1A7ACF94-5BDF-471E-8FE5-7D24826E44E3}.Debug|Any CPU.ActiveCfg = BZ|Any CPU
		{1A7ACF94-5BDF-471E-8FE5-7D24826E44E3}.Debug|Any CPU.Build.0 = BZ|Any CPU
		{1A7ACF94-5BDF-471E-8FE5-7D24826E44E3}.Release|Any CPU.ActiveCfg = BZ|Any CPU
		{1A7ACF94-5BDF-471E-8FE5-7D24826E44E3}.Release|Any CPU.Build.0 = BZ|Any CPU
		{1A7ACF94-5BDF-471E-8FE5-7D24826E44E3}.SN1|Any CPU.ActiveCfg = SN1|Any CPU
		{1A7ACF94-5BDF-471E-8FE5-7D24826E44E3}.SN1|Any CPU.Build.0 = SN1|Any CPU
		{75BF454F-9DAD-4C2F-98C8-32B7B607B0E0}.BZ|Any CPU.ActiveCfg = BZ|Any CPU
		{75BF454F-9DAD-4C2F-98C8-32B7B607B0E0}.BZ|Any CPU.Build.0 = BZ|Any CPU
		{75BF454F-9DAD-4C2F-98C8-32B7B607B0E0}.Debug|Any CPU.ActiveCfg = BZ|Any CPU
		{75BF454F-9DAD-4C2F-98C8-32B7B607B0E0}.Debug|Any CPU.Build.0 = BZ|Any CPU
		{75BF454F-9DAD-4C2F-98C8-32B7B607B0E0}.Release|Any CPU.ActiveCfg = BZ|Any CPU
		{75BF454F-9DAD-4C2F-98C8-32B7B607B0E0}.Release|Any CPU.Build.0 = BZ|Any CPU
		{75BF454F-9DAD-4C2F-98C8-32B7B607B0E0}.SN1|Any CPU.ActiveCfg = SN1|Any CPU
		{75BF454F-9DAD-4C2F-98C8-32B7B607B0E0}.SN1|Any CPU.Build.0 = SN1|Any CPU
	EndGlobalSection
	GlobalSection(SolutionProperties) = preSolution
		HideSolutionNode = FALSE
	EndGlobalSection
	GlobalSection(ExtensibilityGlobals) = postSolution
		SolutionGuid = {2B5D8B10-FFC0-4CFF-9956-DDE5D407FD5D}
	EndGlobalSection
EndGlobal
